
Microsoft Visual Studio Solution File, Format Version 12.00
# Visual Studio 2012
Project("{FAE04EC0-301F-11D3-BF4B-00C04F79EFBC}") = "Model", "Model\Model.csproj", "{8E7C2437-C5FE-4C68-9500-985D0E3BC7A4}"
EndProject
Project("{2150E333-8FDC-42A3-9474-1A3956D46DE8}") = "Saga", "Saga", "{1783CA22-FADF-49CF-8BDF-F80BBECDECFC}"
EndProject
Project("{FAE04EC0-301F-11D3-BF4B-00C04F79EFBC}") = "CustomerAccountSystem", "CustomerAccount\CustomerAccountSystem.csproj", "{047369A8-6E79-4F3F-AD37-6C098619E286}"
EndProject
Project("{FAE04EC0-301F-11D3-BF4B-00C04F79EFBC}") = "PolicySystem", "PolicySystem\PolicySystem.csproj", "{DEF58FBA-35D5-4B87-99B4-12C8FD2145FB}"
EndProject
Project("{FAE04EC0-301F-11D3-BF4B-00C04F79EFBC}") = "Billing", "Billing\Billing.csproj", "{4A6D12EF-E516-4953-9DDF-7ADD03BC66EE}"
EndProject
Project("{FAE04EC0-301F-11D3-BF4B-00C04F79EFBC}") = "ServiceConsumer", "ServiceConsumer\ServiceConsumer.csproj", "{0EC6E50A-47F5-443D-8FE8-EA6F66731C0D}"
EndProject
Global
	GlobalSection(SolutionConfigurationPlatforms) = preSolution
		Debug|Any CPU = Debug|Any CPU
		Release|Any CPU = Release|Any CPU
	EndGlobalSection
	GlobalSection(ProjectConfigurationPlatforms) = postSolution
		{8E7C2437-C5FE-4C68-9500-985D0E3BC7A4}.Debug|Any CPU.ActiveCfg = Debug|Any CPU
		{8E7C2437-C5FE-4C68-9500-985D0E3BC7A4}.Debug|Any CPU.Build.0 = Debug|Any CPU
		{8E7C2437-C5FE-4C68-9500-985D0E3BC7A4}.Release|Any CPU.ActiveCfg = Release|Any CPU
		{8E7C2437-C5FE-4C68-9500-985D0E3BC7A4}.Release|Any CPU.Build.0 = Release|Any CPU
		{047369A8-6E79-4F3F-AD37-6C098619E286}.Debug|Any CPU.ActiveCfg = Debug|Any CPU
		{047369A8-6E79-4F3F-AD37-6C098619E286}.Debug|Any CPU.Build.0 = Debug|Any CPU
		{047369A8-6E79-4F3F-AD37-6C098619E286}.Release|Any CPU.ActiveCfg = Release|Any CPU
		{047369A8-6E79-4F3F-AD37-6C098619E286}.Release|Any CPU.Build.0 = Release|Any CPU
		{DEF58FBA-35D5-4B87-99B4-12C8FD2145FB}.Debug|Any CPU.ActiveCfg = Debug|Any CPU
		{DEF58FBA-35D5-4B87-99B4-12C8FD2145FB}.Debug|Any CPU.Build.0 = Debug|Any CPU
		{DEF58FBA-35D5-4B87-99B4-12C8FD2145FB}.Release|Any CPU.ActiveCfg = Release|Any CPU
		{DEF58FBA-35D5-4B87-99B4-12C8FD2145FB}.Release|Any CPU.Build.0 = Release|Any CPU
		{4A6D12EF-E516-4953-9DDF-7ADD03BC66EE}.Debug|Any CPU.ActiveCfg = Debug|Any CPU
		{4A6D12EF-E516-4953-9DDF-7ADD03BC66EE}.Debug|Any CPU.Build.0 = Debug|Any CPU
		{4A6D12EF-E516-4953-9DDF-7ADD03BC66EE}.Release|Any CPU.ActiveCfg = Release|Any CPU
		{4A6D12EF-E516-4953-9DDF-7ADD03BC66EE}.Release|Any CPU.Build.0 = Release|Any CPU
		{0EC6E50A-47F5-443D-8FE8-EA6F66731C0D}.Debug|Any CPU.ActiveCfg = Debug|Any CPU
		{0EC6E50A-47F5-443D-8FE8-EA6F66731C0D}.Debug|Any CPU.Build.0 = Debug|Any CPU
		{0EC6E50A-47F5-443D-8FE8-EA6F66731C0D}.Release|Any CPU.ActiveCfg = Release|Any CPU
		{0EC6E50A-47F5-443D-8FE8-EA6F66731C0D}.Release|Any CPU.Build.0 = Release|Any CPU
	EndGlobalSection
	GlobalSection(SolutionProperties) = preSolution
		HideSolutionNode = FALSE
	EndGlobalSection
	GlobalSection(NestedProjects) = preSolution
		{047369A8-6E79-4F3F-AD37-6C098619E286} = {1783CA22-FADF-49CF-8BDF-F80BBECDECFC}
		{DEF58FBA-35D5-4B87-99B4-12C8FD2145FB} = {1783CA22-FADF-49CF-8BDF-F80BBECDECFC}
		{4A6D12EF-E516-4953-9DDF-7ADD03BC66EE} = {1783CA22-FADF-49CF-8BDF-F80BBECDECFC}
		{0EC6E50A-47F5-443D-8FE8-EA6F66731C0D} = {1783CA22-FADF-49CF-8BDF-F80BBECDECFC}
	EndGlobalSection
EndGlobal
