
Microsoft Visual Studio Solution File, Format Version 12.00
# Visual Studio 2012
Project("{FAE04EC0-301F-11D3-BF4B-00C04F79EFBC}") = "Sender", "Sender\Sender.csproj", "{C5E11CF5-666D-43A2-884B-17DB4A8C4785}"
EndProject
Project("{FAE04EC0-301F-11D3-BF4B-00C04F79EFBC}") = "Model", "Model\Model.csproj", "{8E7C2437-C5FE-4C68-9500-985D0E3BC7A4}"
EndProject
Project("{FAE04EC0-301F-11D3-BF4B-00C04F79EFBC}") = "Receiver", "Receiver\Receiver.csproj", "{81EE1531-A1AD-4880-B41C-12644873CDA6}"
EndProject
Project("{FAE04EC0-301F-11D3-BF4B-00C04F79EFBC}") = "SendAndBlock", "SendAndBlock\SendAndBlock.csproj", "{DAA66A3D-70D3-4EC4-8050-8AE379F2C1E3}"
EndProject
Global
	GlobalSection(SolutionConfigurationPlatforms) = preSolution
		Debug|Any CPU = Debug|Any CPU
		Release|Any CPU = Release|Any CPU
	EndGlobalSection
	GlobalSection(ProjectConfigurationPlatforms) = postSolution
		{C5E11CF5-666D-43A2-884B-17DB4A8C4785}.Debug|Any CPU.ActiveCfg = Debug|Any CPU
		{C5E11CF5-666D-43A2-884B-17DB4A8C4785}.Debug|Any CPU.Build.0 = Debug|Any CPU
		{C5E11CF5-666D-43A2-884B-17DB4A8C4785}.Release|Any CPU.ActiveCfg = Release|Any CPU
		{C5E11CF5-666D-43A2-884B-17DB4A8C4785}.Release|Any CPU.Build.0 = Release|Any CPU
		{8E7C2437-C5FE-4C68-9500-985D0E3BC7A4}.Debug|Any CPU.ActiveCfg = Debug|Any CPU
		{8E7C2437-C5FE-4C68-9500-985D0E3BC7A4}.Debug|Any CPU.Build.0 = Debug|Any CPU
		{8E7C2437-C5FE-4C68-9500-985D0E3BC7A4}.Release|Any CPU.ActiveCfg = Release|Any CPU
		{8E7C2437-C5FE-4C68-9500-985D0E3BC7A4}.Release|Any CPU.Build.0 = Release|Any CPU
		{81EE1531-A1AD-4880-B41C-12644873CDA6}.Debug|Any CPU.ActiveCfg = Debug|Any CPU
		{81EE1531-A1AD-4880-B41C-12644873CDA6}.Debug|Any CPU.Build.0 = Debug|Any CPU
		{81EE1531-A1AD-4880-B41C-12644873CDA6}.Release|Any CPU.ActiveCfg = Release|Any CPU
		{81EE1531-A1AD-4880-B41C-12644873CDA6}.Release|Any CPU.Build.0 = Release|Any CPU
		{DAA66A3D-70D3-4EC4-8050-8AE379F2C1E3}.Debug|Any CPU.ActiveCfg = Debug|Any CPU
		{DAA66A3D-70D3-4EC4-8050-8AE379F2C1E3}.Debug|Any CPU.Build.0 = Debug|Any CPU
		{DAA66A3D-70D3-4EC4-8050-8AE379F2C1E3}.Release|Any CPU.ActiveCfg = Release|Any CPU
		{DAA66A3D-70D3-4EC4-8050-8AE379F2C1E3}.Release|Any CPU.Build.0 = Release|Any CPU
	EndGlobalSection
	GlobalSection(SolutionProperties) = preSolution
		HideSolutionNode = FALSE
	EndGlobalSection
EndGlobal
