
Microsoft Visual Studio Solution File, Format Version 12.00
# Visual Studio 2012
Project("{FAE04EC0-301F-11D3-BF4B-00C04F79EFBC}") = "Sender", "Sender\Sender.csproj", "{C5E11CF5-666D-43A2-884B-17DB4A8C4785}"
EndProject
Project("{FAE04EC0-301F-11D3-BF4B-00C04F79EFBC}") = "Model", "Model\Model.csproj", "{8E7C2437-C5FE-4C68-9500-985D0E3BC7A4}"
EndProject
Project("{FAE04EC0-301F-11D3-BF4B-00C04F79EFBC}") = "Receiver", "Receiver\Receiver.csproj", "{81EE1531-A1AD-4880-B41C-12644873CDA6}"
EndProject
Project("{FAE04EC0-301F-11D3-BF4B-00C04F79EFBC}") = "Publisher", "Publisher\Publisher.csproj", "{3CB8EDC1-F3C6-4A62-938E-977189A4761F}"
EndProject
Project("{2150E333-8FDC-42A3-9474-1A3956D46DE8}") = "SendRecieve", "SendRecieve", "{F3A1BFDA-7C79-43A7-ACAC-2E7326C9E6A9}"
EndProject
Project("{2150E333-8FDC-42A3-9474-1A3956D46DE8}") = "PubSub", "PubSub", "{E40061F5-8F57-45F3-B521-E4C5EBFF2611}"
EndProject
Project("{FAE04EC0-301F-11D3-BF4B-00C04F79EFBC}") = "Subscriber1", "Subscriber1\Subscriber1.csproj", "{C03F9060-B6EF-4A76-AFC4-F6607351A93C}"
EndProject
Project("{FAE04EC0-301F-11D3-BF4B-00C04F79EFBC}") = "Subscriber2", "Subscriber2\Subscriber2.csproj", "{5785786E-39E7-43E6-8293-9BD2C06E61EE}"
EndProject
Project("{2150E333-8FDC-42A3-9474-1A3956D46DE8}") = "Saga", "Saga", "{1783CA22-FADF-49CF-8BDF-F80BBECDECFC}"
EndProject
Project("{FAE04EC0-301F-11D3-BF4B-00C04F79EFBC}") = "CustomerAccountSystem", "CustomerAccount\CustomerAccountSystem.csproj", "{047369A8-6E79-4F3F-AD37-6C098619E286}"
EndProject
Project("{FAE04EC0-301F-11D3-BF4B-00C04F79EFBC}") = "PolicySystem", "PolicySystem\PolicySystem.csproj", "{DEF58FBA-35D5-4B87-99B4-12C8FD2145FB}"
EndProject
Project("{FAE04EC0-301F-11D3-BF4B-00C04F79EFBC}") = "Billing", "Billing\Billing.csproj", "{4A6D12EF-E516-4953-9DDF-7ADD03BC66EE}"
EndProject
Project("{FAE04EC0-301F-11D3-BF4B-00C04F79EFBC}") = "ServiceConsumer", "ServiceConsumer\ServiceConsumer.csproj", "{0EC6E50A-47F5-443D-8FE8-EA6F66731C0D}"
EndProject
Project("{FAE04EC0-301F-11D3-BF4B-00C04F79EFBC}") = "SendAndBlock", "SendAndBlock\SendAndBlock.csproj", "{DAA66A3D-70D3-4EC4-8050-8AE379F2C1E3}"
EndProject
Global
	GlobalSection(SolutionConfigurationPlatforms) = preSolution
		Debug|Any CPU = Debug|Any CPU
		Release|Any CPU = Release|Any CPU
	EndGlobalSection
	GlobalSection(ProjectConfigurationPlatforms) = postSolution
		{C5E11CF5-666D-43A2-884B-17DB4A8C4785}.Debug|Any CPU.ActiveCfg = Debug|Any CPU
		{C5E11CF5-666D-43A2-884B-17DB4A8C4785}.Debug|Any CPU.Build.0 = Debug|Any CPU
		{C5E11CF5-666D-43A2-884B-17DB4A8C4785}.Release|Any CPU.ActiveCfg = Release|Any CPU
		{C5E11CF5-666D-43A2-884B-17DB4A8C4785}.Release|Any CPU.Build.0 = Release|Any CPU
		{8E7C2437-C5FE-4C68-9500-985D0E3BC7A4}.Debug|Any CPU.ActiveCfg = Debug|Any CPU
		{8E7C2437-C5FE-4C68-9500-985D0E3BC7A4}.Debug|Any CPU.Build.0 = Debug|Any CPU
		{8E7C2437-C5FE-4C68-9500-985D0E3BC7A4}.Release|Any CPU.ActiveCfg = Release|Any CPU
		{8E7C2437-C5FE-4C68-9500-985D0E3BC7A4}.Release|Any CPU.Build.0 = Release|Any CPU
		{81EE1531-A1AD-4880-B41C-12644873CDA6}.Debug|Any CPU.ActiveCfg = Debug|Any CPU
		{81EE1531-A1AD-4880-B41C-12644873CDA6}.Debug|Any CPU.Build.0 = Debug|Any CPU
		{81EE1531-A1AD-4880-B41C-12644873CDA6}.Release|Any CPU.ActiveCfg = Release|Any CPU
		{81EE1531-A1AD-4880-B41C-12644873CDA6}.Release|Any CPU.Build.0 = Release|Any CPU
		{3CB8EDC1-F3C6-4A62-938E-977189A4761F}.Debug|Any CPU.ActiveCfg = Debug|Any CPU
		{3CB8EDC1-F3C6-4A62-938E-977189A4761F}.Debug|Any CPU.Build.0 = Debug|Any CPU
		{3CB8EDC1-F3C6-4A62-938E-977189A4761F}.Release|Any CPU.ActiveCfg = Release|Any CPU
		{3CB8EDC1-F3C6-4A62-938E-977189A4761F}.Release|Any CPU.Build.0 = Release|Any CPU
		{C03F9060-B6EF-4A76-AFC4-F6607351A93C}.Debug|Any CPU.ActiveCfg = Debug|Any CPU
		{C03F9060-B6EF-4A76-AFC4-F6607351A93C}.Debug|Any CPU.Build.0 = Debug|Any CPU
		{C03F9060-B6EF-4A76-AFC4-F6607351A93C}.Release|Any CPU.ActiveCfg = Release|Any CPU
		{C03F9060-B6EF-4A76-AFC4-F6607351A93C}.Release|Any CPU.Build.0 = Release|Any CPU
		{5785786E-39E7-43E6-8293-9BD2C06E61EE}.Debug|Any CPU.ActiveCfg = Debug|Any CPU
		{5785786E-39E7-43E6-8293-9BD2C06E61EE}.Debug|Any CPU.Build.0 = Debug|Any CPU
		{5785786E-39E7-43E6-8293-9BD2C06E61EE}.Release|Any CPU.ActiveCfg = Release|Any CPU
		{5785786E-39E7-43E6-8293-9BD2C06E61EE}.Release|Any CPU.Build.0 = Release|Any CPU
		{047369A8-6E79-4F3F-AD37-6C098619E286}.Debug|Any CPU.ActiveCfg = Debug|Any CPU
		{047369A8-6E79-4F3F-AD37-6C098619E286}.Debug|Any CPU.Build.0 = Debug|Any CPU
		{047369A8-6E79-4F3F-AD37-6C098619E286}.Release|Any CPU.ActiveCfg = Release|Any CPU
		{047369A8-6E79-4F3F-AD37-6C098619E286}.Release|Any CPU.Build.0 = Release|Any CPU
		{DEF58FBA-35D5-4B87-99B4-12C8FD2145FB}.Debug|Any CPU.ActiveCfg = Debug|Any CPU
		{DEF58FBA-35D5-4B87-99B4-12C8FD2145FB}.Debug|Any CPU.Build.0 = Debug|Any CPU
		{DEF58FBA-35D5-4B87-99B4-12C8FD2145FB}.Release|Any CPU.ActiveCfg = Release|Any CPU
		{DEF58FBA-35D5-4B87-99B4-12C8FD2145FB}.Release|Any CPU.Build.0 = Release|Any CPU
		{4A6D12EF-E516-4953-9DDF-7ADD03BC66EE}.Debug|Any CPU.ActiveCfg = Debug|Any CPU
		{4A6D12EF-E516-4953-9DDF-7ADD03BC66EE}.Debug|Any CPU.Build.0 = Debug|Any CPU
		{4A6D12EF-E516-4953-9DDF-7ADD03BC66EE}.Release|Any CPU.ActiveCfg = Release|Any CPU
		{4A6D12EF-E516-4953-9DDF-7ADD03BC66EE}.Release|Any CPU.Build.0 = Release|Any CPU
		{0EC6E50A-47F5-443D-8FE8-EA6F66731C0D}.Debug|Any CPU.ActiveCfg = Debug|Any CPU
		{0EC6E50A-47F5-443D-8FE8-EA6F66731C0D}.Debug|Any CPU.Build.0 = Debug|Any CPU
		{0EC6E50A-47F5-443D-8FE8-EA6F66731C0D}.Release|Any CPU.ActiveCfg = Release|Any CPU
		{0EC6E50A-47F5-443D-8FE8-EA6F66731C0D}.Release|Any CPU.Build.0 = Release|Any CPU
		{DAA66A3D-70D3-4EC4-8050-8AE379F2C1E3}.Debug|Any CPU.ActiveCfg = Debug|Any CPU
		{DAA66A3D-70D3-4EC4-8050-8AE379F2C1E3}.Debug|Any CPU.Build.0 = Debug|Any CPU
		{DAA66A3D-70D3-4EC4-8050-8AE379F2C1E3}.Release|Any CPU.ActiveCfg = Release|Any CPU
		{DAA66A3D-70D3-4EC4-8050-8AE379F2C1E3}.Release|Any CPU.Build.0 = Release|Any CPU
	EndGlobalSection
	GlobalSection(SolutionProperties) = preSolution
		HideSolutionNode = FALSE
	EndGlobalSection
	GlobalSection(NestedProjects) = preSolution
		{81EE1531-A1AD-4880-B41C-12644873CDA6} = {F3A1BFDA-7C79-43A7-ACAC-2E7326C9E6A9}
		{C5E11CF5-666D-43A2-884B-17DB4A8C4785} = {F3A1BFDA-7C79-43A7-ACAC-2E7326C9E6A9}
		{DAA66A3D-70D3-4EC4-8050-8AE379F2C1E3} = {F3A1BFDA-7C79-43A7-ACAC-2E7326C9E6A9}
		{3CB8EDC1-F3C6-4A62-938E-977189A4761F} = {E40061F5-8F57-45F3-B521-E4C5EBFF2611}
		{C03F9060-B6EF-4A76-AFC4-F6607351A93C} = {E40061F5-8F57-45F3-B521-E4C5EBFF2611}
		{5785786E-39E7-43E6-8293-9BD2C06E61EE} = {E40061F5-8F57-45F3-B521-E4C5EBFF2611}
		{047369A8-6E79-4F3F-AD37-6C098619E286} = {1783CA22-FADF-49CF-8BDF-F80BBECDECFC}
		{DEF58FBA-35D5-4B87-99B4-12C8FD2145FB} = {1783CA22-FADF-49CF-8BDF-F80BBECDECFC}
		{4A6D12EF-E516-4953-9DDF-7ADD03BC66EE} = {1783CA22-FADF-49CF-8BDF-F80BBECDECFC}
		{0EC6E50A-47F5-443D-8FE8-EA6F66731C0D} = {1783CA22-FADF-49CF-8BDF-F80BBECDECFC}
	EndGlobalSection
EndGlobal
